
Microsoft Visual Studio Solution File, Format Version 12.00
# Visual Studio Version 16
VisualStudioVersion = 16.0.29728.190
MinimumVisualStudioVersion = 10.0.40219.1
Project("{FAE04EC0-301F-11D3-BF4B-00C04F79EFBC}") = "EmployeeManagement", "EmployeeManagement\EmployeeManagement.csproj", "{44E802A7-F8A3-43DF-AC88-B54BC3B10D2D}"
EndProject
Global
	GlobalSection(SolutionConfigurationPlatforms) = preSolution
		Debug|Any CPU = Debug|Any CPU
		Release|Any CPU = Release|Any CPU
	EndGlobalSection
	GlobalSection(ProjectConfigurationPlatforms) = postSolution
		{44E802A7-F8A3-43DF-AC88-B54BC3B10D2D}.Debug|Any CPU.ActiveCfg = Debug|Any CPU
		{44E802A7-F8A3-43DF-AC88-B54BC3B10D2D}.Debug|Any CPU.Build.0 = Debug|Any CPU
		{44E802A7-F8A3-43DF-AC88-B54BC3B10D2D}.Release|Any CPU.ActiveCfg = Release|Any CPU
		{44E802A7-F8A3-43DF-AC88-B54BC3B10D2D}.Release|Any CPU.Build.0 = Release|Any CPU
	EndGlobalSection
	GlobalSection(SolutionProperties) = preSolution
		HideSolutionNode = FALSE
	EndGlobalSection
	GlobalSection(ExtensibilityGlobals) = postSolution
		SolutionGuid = {3D83420C-5100-451D-BEC2-B16E097BDD9E}
	EndGlobalSection
EndGlobal
